
Microsoft Visual Studio Solution File, Format Version 12.00
# Visual Studio Version 16
VisualStudioVersion = 16.0.29509.3
MinimumVisualStudioVersion = 10.0.40219.1
Project("{FAE04EC0-301F-11D3-BF4B-00C04F79EFBC}") = "BlazorCleave", "BlazorCleave\BlazorCleave.csproj", "{3C2B0199-2C64-4814-8AB0-2852677B5CAB}"
EndProject
Project("{FAE04EC0-301F-11D3-BF4B-00C04F79EFBC}") = "Server", "samples\Server\Server.csproj", "{E69FEE50-319A-4FF2-8D89-7F8F4F964830}"
EndProject
Global
	GlobalSection(SolutionConfigurationPlatforms) = preSolution
		Debug|Any CPU = Debug|Any CPU
		Release|Any CPU = Release|Any CPU
	EndGlobalSection
	GlobalSection(ProjectConfigurationPlatforms) = postSolution
		{3C2B0199-2C64-4814-8AB0-2852677B5CAB}.Debug|Any CPU.ActiveCfg = Debug|Any CPU
		{3C2B0199-2C64-4814-8AB0-2852677B5CAB}.Debug|Any CPU.Build.0 = Debug|Any CPU
		{3C2B0199-2C64-4814-8AB0-2852677B5CAB}.Release|Any CPU.ActiveCfg = Release|Any CPU
		{3C2B0199-2C64-4814-8AB0-2852677B5CAB}.Release|Any CPU.Build.0 = Release|Any CPU
		{E69FEE50-319A-4FF2-8D89-7F8F4F964830}.Debug|Any CPU.ActiveCfg = Debug|Any CPU
		{E69FEE50-319A-4FF2-8D89-7F8F4F964830}.Debug|Any CPU.Build.0 = Debug|Any CPU
		{E69FEE50-319A-4FF2-8D89-7F8F4F964830}.Release|Any CPU.ActiveCfg = Release|Any CPU
		{E69FEE50-319A-4FF2-8D89-7F8F4F964830}.Release|Any CPU.Build.0 = Release|Any CPU
	EndGlobalSection
	GlobalSection(SolutionProperties) = preSolution
		HideSolutionNode = FALSE
	EndGlobalSection
	GlobalSection(ExtensibilityGlobals) = postSolution
		SolutionGuid = {6296CED4-BDBA-43A9-9BAA-C49D716D0FFC}
	EndGlobalSection
EndGlobal
